// !$*UTF8*$!
{
	archiveVersion = 1;
	classes = {
	};
	objectVersion = 56;
	objects = {

/* Begin PBXBuildFile section */
		5940E31629E99318009200DE /* QuickAGIApp.swift in Sources */ = {isa = PBXBuildFile; fileRef = 5940E31529E99318009200DE /* QuickAGIApp.swift */; };
		5940E31829E99318009200DE /* ContentView.swift in Sources */ = {isa = PBXBuildFile; fileRef = 5940E31729E99318009200DE /* ContentView.swift */; };
		5940E31A29E99319009200DE /* Assets.xcassets in Resources */ = {isa = PBXBuildFile; fileRef = 5940E31929E99319009200DE /* Assets.xcassets */; };
		5940E31E29E99319009200DE /* Preview Assets.xcassets in Resources */ = {isa = PBXBuildFile; fileRef = 5940E31D29E99319009200DE /* Preview Assets.xcassets */; };
		5940E34129E99675009200DE /* ChatGPTAPI.swift in Sources */ = {isa = PBXBuildFile; fileRef = 5940E34029E99675009200DE /* ChatGPTAPI.swift */; };
		5940E34329E996F3009200DE /* ChatGPTAPIModels.swift in Sources */ = {isa = PBXBuildFile; fileRef = 5940E34229E996F3009200DE /* ChatGPTAPIModels.swift */; };
		59DCCD5629E99CC300C803B1 /* ViewModel.swift in Sources */ = {isa = PBXBuildFile; fileRef = 59DCCD5529E99CC300C803B1 /* ViewModel.swift */; };
		59DCCD5829E99D4E00C803B1 /* MessageRow.swift in Sources */ = {isa = PBXBuildFile; fileRef = 59DCCD5729E99D4E00C803B1 /* MessageRow.swift */; };
		59DCCD5A29EA205400C803B1 /* LoadingView.swift in Sources */ = {isa = PBXBuildFile; fileRef = 59DCCD5929EA205400C803B1 /* LoadingView.swift */; };
		59DCCD5C29EA219D00C803B1 /* MessageRowView.swift in Sources */ = {isa = PBXBuildFile; fileRef = 59DCCD5B29EA219D00C803B1 /* MessageRowView.swift */; };
		59DCCD6429EA288400C803B1 /* QuickAGIMacApp.swift in Sources */ = {isa = PBXBuildFile; fileRef = 59DCCD6329EA288400C803B1 /* QuickAGIMacApp.swift */; };
		59DCCD6829EA288500C803B1 /* Assets.xcassets in Resources */ = {isa = PBXBuildFile; fileRef = 59DCCD6729EA288500C803B1 /* Assets.xcassets */; };
		59DCCD6B29EA288500C803B1 /* Preview Assets.xcassets in Resources */ = {isa = PBXBuildFile; fileRef = 59DCCD6A29EA288500C803B1 /* Preview Assets.xcassets */; };
		59DCCD8C29EA28D800C803B1 /* ChatGPTAPIModels.swift in Sources */ = {isa = PBXBuildFile; fileRef = 5940E34229E996F3009200DE /* ChatGPTAPIModels.swift */; };
		59DCCD8D29EA28D800C803B1 /* ChatGPTAPI.swift in Sources */ = {isa = PBXBuildFile; fileRef = 5940E34029E99675009200DE /* ChatGPTAPI.swift */; };
		59DCCD8E29EA28D800C803B1 /* MessageRow.swift in Sources */ = {isa = PBXBuildFile; fileRef = 59DCCD5729E99D4E00C803B1 /* MessageRow.swift */; };
		59DCCD8F29EA28D800C803B1 /* MessageRowView.swift in Sources */ = {isa = PBXBuildFile; fileRef = 59DCCD5B29EA219D00C803B1 /* MessageRowView.swift */; };
		59DCCD9029EA28D800C803B1 /* ContentView.swift in Sources */ = {isa = PBXBuildFile; fileRef = 5940E31729E99318009200DE /* ContentView.swift */; };
		59DCCD9129EA28D800C803B1 /* ViewModel.swift in Sources */ = {isa = PBXBuildFile; fileRef = 59DCCD5529E99CC300C803B1 /* ViewModel.swift */; };
		59DCCD9229EA28D800C803B1 /* LoadingView.swift in Sources */ = {isa = PBXBuildFile; fileRef = 59DCCD5929EA205400C803B1 /* LoadingView.swift */; };
/* End PBXBuildFile section */

/* Begin PBXFileReference section */
		5940E31229E99318009200DE /* QuickAGI.app */ = {isa = PBXFileReference; explicitFileType = wrapper.application; includeInIndex = 0; path = QuickAGI.app; sourceTree = BUILT_PRODUCTS_DIR; };
		5940E31529E99318009200DE /* QuickAGIApp.swift */ = {isa = PBXFileReference; lastKnownFileType = sourcecode.swift; path = QuickAGIApp.swift; sourceTree = "<group>"; };
		5940E31729E99318009200DE /* ContentView.swift */ = {isa = PBXFileReference; lastKnownFileType = sourcecode.swift; path = ContentView.swift; sourceTree = "<group>"; };
		5940E31929E99319009200DE /* Assets.xcassets */ = {isa = PBXFileReference; lastKnownFileType = folder.assetcatalog; path = Assets.xcassets; sourceTree = "<group>"; };
		5940E31B29E99319009200DE /* QuickAGI.entitlements */ = {isa = PBXFileReference; lastKnownFileType = text.plist.entitlements; path = QuickAGI.entitlements; sourceTree = "<group>"; };
		5940E31D29E99319009200DE /* Preview Assets.xcassets */ = {isa = PBXFileReference; lastKnownFileType = folder.assetcatalog; path = "Preview Assets.xcassets"; sourceTree = "<group>"; };
		5940E34029E99675009200DE /* ChatGPTAPI.swift */ = {isa = PBXFileReference; lastKnownFileType = sourcecode.swift; path = ChatGPTAPI.swift; sourceTree = "<group>"; };
		5940E34229E996F3009200DE /* ChatGPTAPIModels.swift */ = {isa = PBXFileReference; lastKnownFileType = sourcecode.swift; path = ChatGPTAPIModels.swift; sourceTree = "<group>"; };
		59DCCD5529E99CC300C803B1 /* ViewModel.swift */ = {isa = PBXFileReference; lastKnownFileType = sourcecode.swift; path = ViewModel.swift; sourceTree = "<group>"; };
		59DCCD5729E99D4E00C803B1 /* MessageRow.swift */ = {isa = PBXFileReference; lastKnownFileType = sourcecode.swift; path = MessageRow.swift; sourceTree = "<group>"; };
		59DCCD5929EA205400C803B1 /* LoadingView.swift */ = {isa = PBXFileReference; lastKnownFileType = sourcecode.swift; path = LoadingView.swift; sourceTree = "<group>"; };
		59DCCD5B29EA219D00C803B1 /* MessageRowView.swift */ = {isa = PBXFileReference; lastKnownFileType = sourcecode.swift; path = MessageRowView.swift; sourceTree = "<group>"; };
		59DCCD6129EA288400C803B1 /* QuickAGIMac.app */ = {isa = PBXFileReference; explicitFileType = wrapper.application; includeInIndex = 0; path = QuickAGIMac.app; sourceTree = BUILT_PRODUCTS_DIR; };
		59DCCD6329EA288400C803B1 /* QuickAGIMacApp.swift */ = {isa = PBXFileReference; lastKnownFileType = sourcecode.swift; path = QuickAGIMacApp.swift; sourceTree = "<group>"; };
		59DCCD6729EA288500C803B1 /* Assets.xcassets */ = {isa = PBXFileReference; lastKnownFileType = folder.assetcatalog; path = Assets.xcassets; sourceTree = "<group>"; };
		59DCCD6A29EA288500C803B1 /* Preview Assets.xcassets */ = {isa = PBXFileReference; lastKnownFileType = folder.assetcatalog; path = "Preview Assets.xcassets"; sourceTree = "<group>"; };
		59DCCD6C29EA288500C803B1 /* QuickAGIMac.entitlements */ = {isa = PBXFileReference; lastKnownFileType = text.plist.entitlements; path = QuickAGIMac.entitlements; sourceTree = "<group>"; };
/* End PBXFileReference section */

/* Begin PBXFrameworksBuildPhase section */
		5940E30F29E99318009200DE /* Frameworks */ = {
			isa = PBXFrameworksBuildPhase;
			buildActionMask = 2147483647;
			files = (
			);
			runOnlyForDeploymentPostprocessing = 0;
		};
		59DCCD5E29EA288400C803B1 /* Frameworks */ = {
			isa = PBXFrameworksBuildPhase;
			buildActionMask = 2147483647;
			files = (
			);
			runOnlyForDeploymentPostprocessing = 0;
		};
/* End PBXFrameworksBuildPhase section */

/* Begin PBXGroup section */
		5940E30929E99318009200DE = {
			isa = PBXGroup;
			children = (
				5940E34429E996FA009200DE /* Shared */,
				5940E31429E99318009200DE /* QuickAGI */,
				59DCCD6229EA288400C803B1 /* QuickAGIMac */,
				5940E31329E99318009200DE /* Products */,
			);
			sourceTree = "<group>";
		};
		5940E31329E99318009200DE /* Products */ = {
			isa = PBXGroup;
			children = (
				5940E31229E99318009200DE /* QuickAGI.app */,
				59DCCD6129EA288400C803B1 /* QuickAGIMac.app */,
			);
			name = Products;
			sourceTree = "<group>";
		};
		5940E31429E99318009200DE /* QuickAGI */ = {
			isa = PBXGroup;
			children = (
				5940E31529E99318009200DE /* QuickAGIApp.swift */,
				5940E31929E99319009200DE /* Assets.xcassets */,
				5940E31B29E99319009200DE /* QuickAGI.entitlements */,
				5940E31C29E99319009200DE /* Preview Content */,
			);
			path = QuickAGI;
			sourceTree = "<group>";
		};
		5940E31C29E99319009200DE /* Preview Content */ = {
			isa = PBXGroup;
			children = (
				5940E31D29E99319009200DE /* Preview Assets.xcassets */,
			);
			path = "Preview Content";
			sourceTree = "<group>";
		};
		5940E34429E996FA009200DE /* Shared */ = {
			isa = PBXGroup;
			children = (
				5940E34029E99675009200DE /* ChatGPTAPI.swift */,
				5940E34229E996F3009200DE /* ChatGPTAPIModels.swift */,
				5940E31729E99318009200DE /* ContentView.swift */,
				59DCCD5529E99CC300C803B1 /* ViewModel.swift */,
				59DCCD5729E99D4E00C803B1 /* MessageRow.swift */,
				59DCCD5B29EA219D00C803B1 /* MessageRowView.swift */,
				59DCCD5929EA205400C803B1 /* LoadingView.swift */,
			);
			path = Shared;
			sourceTree = "<group>";
		};
		59DCCD6229EA288400C803B1 /* QuickAGIMac */ = {
			isa = PBXGroup;
			children = (
				59DCCD6329EA288400C803B1 /* QuickAGIMacApp.swift */,
				59DCCD6729EA288500C803B1 /* Assets.xcassets */,
				59DCCD6C29EA288500C803B1 /* QuickAGIMac.entitlements */,
				59DCCD6929EA288500C803B1 /* Preview Content */,
			);
			path = QuickAGIMac;
			sourceTree = "<group>";
		};
		59DCCD6929EA288500C803B1 /* Preview Content */ = {
			isa = PBXGroup;
			children = (
				59DCCD6A29EA288500C803B1 /* Preview Assets.xcassets */,
			);
			path = "Preview Content";
			sourceTree = "<group>";
		};
/* End PBXGroup section */

/* Begin PBXNativeTarget section */
		5940E31129E99318009200DE /* QuickAGI */ = {
			isa = PBXNativeTarget;
			buildConfigurationList = 5940E33729E99319009200DE /* Build configuration list for PBXNativeTarget "QuickAGI" */;
			buildPhases = (
				5940E30E29E99318009200DE /* Sources */,
				5940E30F29E99318009200DE /* Frameworks */,
				5940E31029E99318009200DE /* Resources */,
			);
			buildRules = (
			);
			dependencies = (
			);
			name = QuickAGI;
			productName = QuickAGI;
			productReference = 5940E31229E99318009200DE /* QuickAGI.app */;
			productType = "com.apple.product-type.application";
		};
		59DCCD6029EA288400C803B1 /* QuickAGIMac */ = {
			isa = PBXNativeTarget;
			buildConfigurationList = 59DCCD8329EA288600C803B1 /* Build configuration list for PBXNativeTarget "QuickAGIMac" */;
			buildPhases = (
				59DCCD5D29EA288400C803B1 /* Sources */,
				59DCCD5E29EA288400C803B1 /* Frameworks */,
				59DCCD5F29EA288400C803B1 /* Resources */,
			);
			buildRules = (
			);
			dependencies = (
			);
			name = QuickAGIMac;
			productName = QuickAGIMac;
			productReference = 59DCCD6129EA288400C803B1 /* QuickAGIMac.app */;
			productType = "com.apple.product-type.application";
		};
/* End PBXNativeTarget section */

/* Begin PBXProject section */
		5940E30A29E99318009200DE /* Project object */ = {
			isa = PBXProject;
			attributes = {
				BuildIndependentTargetsInParallel = 1;
				LastSwiftUpdateCheck = 1430;
				LastUpgradeCheck = 1430;
				TargetAttributes = {
					5940E31129E99318009200DE = {
						CreatedOnToolsVersion = 14.3;
					};
					59DCCD6029EA288400C803B1 = {
						CreatedOnToolsVersion = 14.3;
					};
				};
			};
			buildConfigurationList = 5940E30D29E99318009200DE /* Build configuration list for PBXProject "QuickAGI" */;
			compatibilityVersion = "Xcode 14.0";
			developmentRegion = en;
			hasScannedForEncodings = 0;
			knownRegions = (
				en,
				Base,
			);
			mainGroup = 5940E30929E99318009200DE;
			productRefGroup = 5940E31329E99318009200DE /* Products */;
			projectDirPath = "";
			projectRoot = "";
			targets = (
				5940E31129E99318009200DE /* QuickAGI */,
				59DCCD6029EA288400C803B1 /* QuickAGIMac */,
			);
		};
/* End PBXProject section */

/* Begin PBXResourcesBuildPhase section */
		5940E31029E99318009200DE /* Resources */ = {
			isa = PBXResourcesBuildPhase;
			buildActionMask = 2147483647;
			files = (
				5940E31E29E99319009200DE /* Preview Assets.xcassets in Resources */,
				5940E31A29E99319009200DE /* Assets.xcassets in Resources */,
			);
			runOnlyForDeploymentPostprocessing = 0;
		};
		59DCCD5F29EA288400C803B1 /* Resources */ = {
			isa = PBXResourcesBuildPhase;
			buildActionMask = 2147483647;
			files = (
				59DCCD6B29EA288500C803B1 /* Preview Assets.xcassets in Resources */,
				59DCCD6829EA288500C803B1 /* Assets.xcassets in Resources */,
			);
			runOnlyForDeploymentPostprocessing = 0;
		};
/* End PBXResourcesBuildPhase section */

/* Begin PBXSourcesBuildPhase section */
		5940E30E29E99318009200DE /* Sources */ = {
			isa = PBXSourcesBuildPhase;
			buildActionMask = 2147483647;
			files = (
				59DCCD5629E99CC300C803B1 /* ViewModel.swift in Sources */,
				5940E34129E99675009200DE /* ChatGPTAPI.swift in Sources */,
				59DCCD5829E99D4E00C803B1 /* MessageRow.swift in Sources */,
				5940E31829E99318009200DE /* ContentView.swift in Sources */,
				5940E34329E996F3009200DE /* ChatGPTAPIModels.swift in Sources */,
				59DCCD5A29EA205400C803B1 /* LoadingView.swift in Sources */,
				5940E31629E99318009200DE /* QuickAGIApp.swift in Sources */,
				59DCCD5C29EA219D00C803B1 /* MessageRowView.swift in Sources */,
			);
			runOnlyForDeploymentPostprocessing = 0;
		};
		59DCCD5D29EA288400C803B1 /* Sources */ = {
			isa = PBXSourcesBuildPhase;
			buildActionMask = 2147483647;
			files = (
				59DCCD8D29EA28D800C803B1 /* ChatGPTAPI.swift in Sources */,
				59DCCD9029EA28D800C803B1 /* ContentView.swift in Sources */,
				59DCCD6429EA288400C803B1 /* QuickAGIMacApp.swift in Sources */,
				59DCCD8F29EA28D800C803B1 /* MessageRowView.swift in Sources */,
				59DCCD8C29EA28D800C803B1 /* ChatGPTAPIModels.swift in Sources */,
				59DCCD9129EA28D800C803B1 /* ViewModel.swift in Sources */,
				59DCCD8E29EA28D800C803B1 /* MessageRow.swift in Sources */,
				59DCCD9229EA28D800C803B1 /* LoadingView.swift in Sources */,
			);
			runOnlyForDeploymentPostprocessing = 0;
		};
/* End PBXSourcesBuildPhase section */

/* Begin XCBuildConfiguration section */
		5940E33529E99319009200DE /* Debug */ = {
			isa = XCBuildConfiguration;
			buildSettings = {
				ALWAYS_SEARCH_USER_PATHS = NO;
				CLANG_ANALYZER_NONNULL = YES;
				CLANG_ANALYZER_NUMBER_OBJECT_CONVERSION = YES_AGGRESSIVE;
				CLANG_CXX_LANGUAGE_STANDARD = "gnu++20";
				CLANG_ENABLE_MODULES = YES;
				CLANG_ENABLE_OBJC_ARC = YES;
				CLANG_ENABLE_OBJC_WEAK = YES;
				CLANG_WARN_BLOCK_CAPTURE_AUTORELEASING = YES;
				CLANG_WARN_BOOL_CONVERSION = YES;
				CLANG_WARN_COMMA = YES;
				CLANG_WARN_CONSTANT_CONVERSION = YES;
				CLANG_WARN_DEPRECATED_OBJC_IMPLEMENTATIONS = YES;
				CLANG_WARN_DIRECT_OBJC_ISA_USAGE = YES_ERROR;
				CLANG_WARN_DOCUMENTATION_COMMENTS = YES;
				CLANG_WARN_EMPTY_BODY = YES;
				CLANG_WARN_ENUM_CONVERSION = YES;
				CLANG_WARN_INFINITE_RECURSION = YES;
				CLANG_WARN_INT_CONVERSION = YES;
				CLANG_WARN_NON_LITERAL_NULL_CONVERSION = YES;
				CLANG_WARN_OBJC_IMPLICIT_RETAIN_SELF = YES;
				CLANG_WARN_OBJC_LITERAL_CONVERSION = YES;
				CLANG_WARN_OBJC_ROOT_CLASS = YES_ERROR;
				CLANG_WARN_QUOTED_INCLUDE_IN_FRAMEWORK_HEADER = YES;
				CLANG_WARN_RANGE_LOOP_ANALYSIS = YES;
				CLANG_WARN_STRICT_PROTOTYPES = YES;
				CLANG_WARN_SUSPICIOUS_MOVE = YES;
				CLANG_WARN_UNGUARDED_AVAILABILITY = YES_AGGRESSIVE;
				CLANG_WARN_UNREACHABLE_CODE = YES;
				CLANG_WARN__DUPLICATE_METHOD_MATCH = YES;
				COPY_PHASE_STRIP = NO;
				DEBUG_INFORMATION_FORMAT = dwarf;
				ENABLE_STRICT_OBJC_MSGSEND = YES;
				ENABLE_TESTABILITY = YES;
				GCC_C_LANGUAGE_STANDARD = gnu11;
				GCC_DYNAMIC_NO_PIC = NO;
				GCC_NO_COMMON_BLOCKS = YES;
				GCC_OPTIMIZATION_LEVEL = 0;
				GCC_PREPROCESSOR_DEFINITIONS = (
					"DEBUG=1",
					"$(inherited)",
				);
				GCC_WARN_64_TO_32_BIT_CONVERSION = YES;
				GCC_WARN_ABOUT_RETURN_TYPE = YES_ERROR;
				GCC_WARN_UNDECLARED_SELECTOR = YES;
				GCC_WARN_UNINITIALIZED_AUTOS = YES_AGGRESSIVE;
				GCC_WARN_UNUSED_FUNCTION = YES;
				GCC_WARN_UNUSED_VARIABLE = YES;
				MTL_ENABLE_DEBUG_INFO = INCLUDE_SOURCE;
				MTL_FAST_MATH = YES;
				ONLY_ACTIVE_ARCH = YES;
				SWIFT_ACTIVE_COMPILATION_CONDITIONS = DEBUG;
				SWIFT_OPTIMIZATION_LEVEL = "-Onone";
			};
			name = Debug;
		};
		5940E33629E99319009200DE /* Release */ = {
			isa = XCBuildConfiguration;
			buildSettings = {
				ALWAYS_SEARCH_USER_PATHS = NO;
				CLANG_ANALYZER_NONNULL = YES;
				CLANG_ANALYZER_NUMBER_OBJECT_CONVERSION = YES_AGGRESSIVE;
				CLANG_CXX_LANGUAGE_STANDARD = "gnu++20";
				CLANG_ENABLE_MODULES = YES;
				CLANG_ENABLE_OBJC_ARC = YES;
				CLANG_ENABLE_OBJC_WEAK = YES;
				CLANG_WARN_BLOCK_CAPTURE_AUTORELEASING = YES;
				CLANG_WARN_BOOL_CONVERSION = YES;
				CLANG_WARN_COMMA = YES;
				CLANG_WARN_CONSTANT_CONVERSION = YES;
				CLANG_WARN_DEPRECATED_OBJC_IMPLEMENTATIONS = YES;
				CLANG_WARN_DIRECT_OBJC_ISA_USAGE = YES_ERROR;
				CLANG_WARN_DOCUMENTATION_COMMENTS = YES;
				CLANG_WARN_EMPTY_BODY = YES;
				CLANG_WARN_ENUM_CONVERSION = YES;
				CLANG_WARN_INFINITE_RECURSION = YES;
				CLANG_WARN_INT_CONVERSION = YES;
				CLANG_WARN_NON_LITERAL_NULL_CONVERSION = YES;
				CLANG_WARN_OBJC_IMPLICIT_RETAIN_SELF = YES;
				CLANG_WARN_OBJC_LITERAL_CONVERSION = YES;
				CLANG_WARN_OBJC_ROOT_CLASS = YES_ERROR;
				CLANG_WARN_QUOTED_INCLUDE_IN_FRAMEWORK_HEADER = YES;
				CLANG_WARN_RANGE_LOOP_ANALYSIS = YES;
				CLANG_WARN_STRICT_PROTOTYPES = YES;
				CLANG_WARN_SUSPICIOUS_MOVE = YES;
				CLANG_WARN_UNGUARDED_AVAILABILITY = YES_AGGRESSIVE;
				CLANG_WARN_UNREACHABLE_CODE = YES;
				CLANG_WARN__DUPLICATE_METHOD_MATCH = YES;
				COPY_PHASE_STRIP = NO;
				DEBUG_INFORMATION_FORMAT = "dwarf-with-dsym";
				ENABLE_NS_ASSERTIONS = NO;
				ENABLE_STRICT_OBJC_MSGSEND = YES;
				GCC_C_LANGUAGE_STANDARD = gnu11;
				GCC_NO_COMMON_BLOCKS = YES;
				GCC_WARN_64_TO_32_BIT_CONVERSION = YES;
				GCC_WARN_ABOUT_RETURN_TYPE = YES_ERROR;
				GCC_WARN_UNDECLARED_SELECTOR = YES;
				GCC_WARN_UNINITIALIZED_AUTOS = YES_AGGRESSIVE;
				GCC_WARN_UNUSED_FUNCTION = YES;
				GCC_WARN_UNUSED_VARIABLE = YES;
				MTL_ENABLE_DEBUG_INFO = NO;
				MTL_FAST_MATH = YES;
				SWIFT_COMPILATION_MODE = wholemodule;
				SWIFT_OPTIMIZATION_LEVEL = "-O";
			};
			name = Release;
		};
		5940E33829E99319009200DE /* Debug */ = {
			isa = XCBuildConfiguration;
			buildSettings = {
				ASSETCATALOG_COMPILER_APPICON_NAME = AppIcon;
				ASSETCATALOG_COMPILER_GLOBAL_ACCENT_COLOR_NAME = AccentColor;
				CODE_SIGN_ENTITLEMENTS = QuickAGI/QuickAGI.entitlements;
				CODE_SIGN_STYLE = Automatic;
				CURRENT_PROJECT_VERSION = 1;
				DEVELOPMENT_ASSET_PATHS = "\"QuickAGI/Preview Content\"";
				DEVELOPMENT_TEAM = 4LVL647LQT;
				ENABLE_HARDENED_RUNTIME = YES;
				ENABLE_PREVIEWS = YES;
				GENERATE_INFOPLIST_FILE = YES;
				"INFOPLIST_KEY_UIApplicationSceneManifest_Generation[sdk=iphoneos*]" = YES;
				"INFOPLIST_KEY_UIApplicationSceneManifest_Generation[sdk=iphonesimulator*]" = YES;
				"INFOPLIST_KEY_UIApplicationSupportsIndirectInputEvents[sdk=iphoneos*]" = YES;
				"INFOPLIST_KEY_UIApplicationSupportsIndirectInputEvents[sdk=iphonesimulator*]" = YES;
				"INFOPLIST_KEY_UILaunchScreen_Generation[sdk=iphoneos*]" = YES;
				"INFOPLIST_KEY_UILaunchScreen_Generation[sdk=iphonesimulator*]" = YES;
				"INFOPLIST_KEY_UIStatusBarStyle[sdk=iphoneos*]" = UIStatusBarStyleDefault;
				"INFOPLIST_KEY_UIStatusBarStyle[sdk=iphonesimulator*]" = UIStatusBarStyleDefault;
				INFOPLIST_KEY_UISupportedInterfaceOrientations_iPad = "UIInterfaceOrientationPortrait UIInterfaceOrientationPortraitUpsideDown UIInterfaceOrientationLandscapeLeft UIInterfaceOrientationLandscapeRight";
				INFOPLIST_KEY_UISupportedInterfaceOrientations_iPhone = "UIInterfaceOrientationPortrait UIInterfaceOrientationLandscapeLeft UIInterfaceOrientationLandscapeRight";
				IPHONEOS_DEPLOYMENT_TARGET = 16.4;
				LD_RUNPATH_SEARCH_PATHS = "@executable_path/Frameworks";
				"LD_RUNPATH_SEARCH_PATHS[sdk=macosx*]" = "@executable_path/../Frameworks";
				MACOSX_DEPLOYMENT_TARGET = 13.2;
				MARKETING_VERSION = 1.0;
				PRODUCT_BUNDLE_IDENTIFIER = com.deenod.QuickAGI;
				PRODUCT_NAME = "$(TARGET_NAME)";
				SDKROOT = auto;
				SUPPORTED_PLATFORMS = "iphoneos iphonesimulator";
				SUPPORTS_MACCATALYST = NO;
				SUPPORTS_MAC_DESIGNED_FOR_IPHONE_IPAD = NO;
				SWIFT_EMIT_LOC_STRINGS = YES;
				SWIFT_VERSION = 5.0;
				TARGETED_DEVICE_FAMILY = "1,2";
			};
			name = Debug;
		};
		5940E33929E99319009200DE /* Release */ = {
			isa = XCBuildConfiguration;
			buildSettings = {
				ASSETCATALOG_COMPILER_APPICON_NAME = AppIcon;
				ASSETCATALOG_COMPILER_GLOBAL_ACCENT_COLOR_NAME = AccentColor;
				CODE_SIGN_ENTITLEMENTS = QuickAGI/QuickAGI.entitlements;
				CODE_SIGN_STYLE = Automatic;
				CURRENT_PROJECT_VERSION = 1;
				DEVELOPMENT_ASSET_PATHS = "\"QuickAGI/Preview Content\"";
				DEVELOPMENT_TEAM = 4LVL647LQT;
				ENABLE_HARDENED_RUNTIME = YES;
				ENABLE_PREVIEWS = YES;
				GENERATE_INFOPLIST_FILE = YES;
				"INFOPLIST_KEY_UIApplicationSceneManifest_Generation[sdk=iphoneos*]" = YES;
				"INFOPLIST_KEY_UIApplicationSceneManifest_Generation[sdk=iphonesimulator*]" = YES;
				"INFOPLIST_KEY_UIApplicationSupportsIndirectInputEvents[sdk=iphoneos*]" = YES;
				"INFOPLIST_KEY_UIApplicationSupportsIndirectInputEvents[sdk=iphonesimulator*]" = YES;
				"INFOPLIST_KEY_UILaunchScreen_Generation[sdk=iphoneos*]" = YES;
				"INFOPLIST_KEY_UILaunchScreen_Generation[sdk=iphonesimulator*]" = YES;
				"INFOPLIST_KEY_UIStatusBarStyle[sdk=iphoneos*]" = UIStatusBarStyleDefault;
				"INFOPLIST_KEY_UIStatusBarStyle[sdk=iphonesimulator*]" = UIStatusBarStyleDefault;
				INFOPLIST_KEY_UISupportedInterfaceOrientations_iPad = "UIInterfaceOrientationPortrait UIInterfaceOrientationPortraitUpsideDown UIInterfaceOrientationLandscapeLeft UIInterfaceOrientationLandscapeRight";
				INFOPLIST_KEY_UISupportedInterfaceOrientations_iPhone = "UIInterfaceOrientationPortrait UIInterfaceOrientationLandscapeLeft UIInterfaceOrientationLandscapeRight";
				IPHONEOS_DEPLOYMENT_TARGET = 16.4;
				LD_RUNPATH_SEARCH_PATHS = "@executable_path/Frameworks";
				"LD_RUNPATH_SEARCH_PATHS[sdk=macosx*]" = "@executable_path/../Frameworks";
				MACOSX_DEPLOYMENT_TARGET = 13.2;
				MARKETING_VERSION = 1.0;
				PRODUCT_BUNDLE_IDENTIFIER = com.deenod.QuickAGI;
				PRODUCT_NAME = "$(TARGET_NAME)";
				SDKROOT = auto;
				SUPPORTED_PLATFORMS = "iphoneos iphonesimulator";
				SUPPORTS_MACCATALYST = NO;
				SUPPORTS_MAC_DESIGNED_FOR_IPHONE_IPAD = NO;
				SWIFT_EMIT_LOC_STRINGS = YES;
				SWIFT_VERSION = 5.0;
				TARGETED_DEVICE_FAMILY = "1,2";
			};
			name = Release;
		};
		59DCCD8429EA288600C803B1 /* Debug */ = {
			isa = XCBuildConfiguration;
			buildSettings = {
				ASSETCATALOG_COMPILER_APPICON_NAME = AppIcon;
				ASSETCATALOG_COMPILER_GLOBAL_ACCENT_COLOR_NAME = AccentColor;
				CODE_SIGN_ENTITLEMENTS = QuickAGIMac/QuickAGIMac.entitlements;
				"CODE_SIGN_IDENTITY[sdk=macosx*]" = "Apple Development";
				CODE_SIGN_STYLE = Automatic;
				COMBINE_HIDPI_IMAGES = YES;
				CURRENT_PROJECT_VERSION = 1;
				DEVELOPMENT_ASSET_PATHS = "\"QuickAGIMac/Preview Content\"";
				DEVELOPMENT_TEAM = 4LVL647LQT;
				ENABLE_HARDENED_RUNTIME = YES;
				ENABLE_PREVIEWS = YES;
				GENERATE_INFOPLIST_FILE = YES;
				INFOPLIST_KEY_NSHumanReadableCopyright = "";
				LD_RUNPATH_SEARCH_PATHS = (
					"$(inherited)",
					"@executable_path/../Frameworks",
				);
				MACOSX_DEPLOYMENT_TARGET = 13.2;
				MARKETING_VERSION = 1.0;
				PRODUCT_BUNDLE_IDENTIFIER = com.deenod.QuickAGIMac;
				PRODUCT_NAME = "$(TARGET_NAME)";
				SDKROOT = macosx;
				SWIFT_EMIT_LOC_STRINGS = YES;
				SWIFT_VERSION = 5.0;
			};
			name = Debug;
		};
		59DCCD8529EA288600C803B1 /* Release */ = {
			isa = XCBuildConfiguration;
			buildSettings = {
				ASSETCATALOG_COMPILER_APPICON_NAME = AppIcon;
				ASSETCATALOG_COMPILER_GLOBAL_ACCENT_COLOR_NAME = AccentColor;
				CODE_SIGN_ENTITLEMENTS = QuickAGIMac/QuickAGIMac.entitlements;
				"CODE_SIGN_IDENTITY[sdk=macosx*]" = "Apple Development";
				CODE_SIGN_STYLE = Automatic;
				COMBINE_HIDPI_IMAGES = YES;
				CURRENT_PROJECT_VERSION = 1;
				DEVELOPMENT_ASSET_PATHS = "\"QuickAGIMac/Preview Content\"";
				DEVELOPMENT_TEAM = 4LVL647LQT;
				ENABLE_HARDENED_RUNTIME = YES;
				ENABLE_PREVIEWS = YES;
				GENERATE_INFOPLIST_FILE = YES;
				INFOPLIST_KEY_NSHumanReadableCopyright = "";
				LD_RUNPATH_SEARCH_PATHS = (
					"$(inherited)",
					"@executable_path/../Frameworks",
				);
				MACOSX_DEPLOYMENT_TARGET = 13.2;
				MARKETING_VERSION = 1.0;
				PRODUCT_BUNDLE_IDENTIFIER = com.deenod.QuickAGIMac;
				PRODUCT_NAME = "$(TARGET_NAME)";
				SDKROOT = macosx;
				SWIFT_EMIT_LOC_STRINGS = YES;
				SWIFT_VERSION = 5.0;
			};
			name = Release;
		};
/* End XCBuildConfiguration section */

/* Begin XCConfigurationList section */
		5940E30D29E99318009200DE /* Build configuration list for PBXProject "QuickAGI" */ = {
			isa = XCConfigurationList;
			buildConfigurations = (
				5940E33529E99319009200DE /* Debug */,
				5940E33629E99319009200DE /* Release */,
			);
			defaultConfigurationIsVisible = 0;
			defaultConfigurationName = Release;
		};
		5940E33729E99319009200DE /* Build configuration list for PBXNativeTarget "QuickAGI" */ = {
			isa = XCConfigurationList;
			buildConfigurations = (
				5940E33829E99319009200DE /* Debug */,
				5940E33929E99319009200DE /* Release */,
			);
			defaultConfigurationIsVisible = 0;
			defaultConfigurationName = Release;
		};
		59DCCD8329EA288600C803B1 /* Build configuration list for PBXNativeTarget "QuickAGIMac" */ = {
			isa = XCConfigurationList;
			buildConfigurations = (
				59DCCD8429EA288600C803B1 /* Debug */,
				59DCCD8529EA288600C803B1 /* Release */,
			);
			defaultConfigurationIsVisible = 0;
			defaultConfigurationName = Release;
		};
/* End XCConfigurationList section */
	};
	rootObject = 5940E30A29E99318009200DE /* Project object */;
}
